// !$*UTF8*$!
{
	archiveVersion = 1;
	classes = {
	};
	objectVersion = 55;
	objects = {

/* Begin PBXBuildFile section */
		FD39779E2909CA91004D6A9A /* postCollectionViewCell.swift in Sources */ = {isa = PBXBuildFile; fileRef = FD39779D2909CA91004D6A9A /* postCollectionViewCell.swift */; };
		FD4C794228FDDB3200CC05E1 /* user-details.json in Resources */ = {isa = PBXBuildFile; fileRef = FD4C794128FDDB3200CC05E1 /* user-details.json */; };
		FD66847A28F75CB5005E27FE /* AppDelegate.swift in Sources */ = {isa = PBXBuildFile; fileRef = FD66847928F75CB5005E27FE /* AppDelegate.swift */; };
		FD66847C28F75CB5005E27FE /* SceneDelegate.swift in Sources */ = {isa = PBXBuildFile; fileRef = FD66847B28F75CB5005E27FE /* SceneDelegate.swift */; };
		FD66847E28F75CB5005E27FE /* ViewController.swift in Sources */ = {isa = PBXBuildFile; fileRef = FD66847D28F75CB5005E27FE /* ViewController.swift */; };
		FD66848128F75CB5005E27FE /* Main.storyboard in Resources */ = {isa = PBXBuildFile; fileRef = FD66847F28F75CB5005E27FE /* Main.storyboard */; };
		FD66848328F75CB8005E27FE /* Assets.xcassets in Resources */ = {isa = PBXBuildFile; fileRef = FD66848228F75CB8005E27FE /* Assets.xcassets */; };
		FD66848628F75CB8005E27FE /* LaunchScreen.storyboard in Resources */ = {isa = PBXBuildFile; fileRef = FD66848428F75CB8005E27FE /* LaunchScreen.storyboard */; };
		FDAE06712915211900F04F18 /* TableViewCell.swift in Sources */ = {isa = PBXBuildFile; fileRef = FDAE06702915211900F04F18 /* TableViewCell.swift */; };
		FDC6E92428F9913F008D8756 /* ContentViewController.swift in Sources */ = {isa = PBXBuildFile; fileRef = FDC6E92328F9913F008D8756 /* ContentViewController.swift */; };
		FDC6E92628F99156008D8756 /* PreViewController.swift in Sources */ = {isa = PBXBuildFile; fileRef = FDC6E92528F99156008D8756 /* PreViewController.swift */; };
		FDC6E92928F99276008D8756 /* mModel.swift in Sources */ = {isa = PBXBuildFile; fileRef = FDC6E92828F99276008D8756 /* mModel.swift */; };
		FDC6E92B28F99295008D8756 /* mSupport.swift in Sources */ = {isa = PBXBuildFile; fileRef = FDC6E92A28F99295008D8756 /* mSupport.swift */; };
		FDC6E92D28F992BD008D8756 /* SegmentProgressBar.swift in Sources */ = {isa = PBXBuildFile; fileRef = FDC6E92C28F992BD008D8756 /* SegmentProgressBar.swift */; };
		FDC6E92F28F992E0008D8756 /* usersCollectionViewCell.swift in Sources */ = {isa = PBXBuildFile; fileRef = FDC6E92E28F992E0008D8756 /* usersCollectionViewCell.swift */; };
/* End PBXBuildFile section */

/* Begin PBXFileReference section */
		FD39779D2909CA91004D6A9A /* postCollectionViewCell.swift */ = {isa = PBXFileReference; lastKnownFileType = sourcecode.swift; path = postCollectionViewCell.swift; sourceTree = "<group>"; };
		FD4C794128FDDB3200CC05E1 /* user-details.json */ = {isa = PBXFileReference; lastKnownFileType = text.json; path = "user-details.json"; sourceTree = "<group>"; xcLanguageSpecificationIdentifier = xcode.lang.json; };
		FD66847628F75CB5005E27FE /* project-1.app */ = {isa = PBXFileReference; explicitFileType = wrapper.application; includeInIndex = 0; path = "project-1.app"; sourceTree = BUILT_PRODUCTS_DIR; };
		FD66847928F75CB5005E27FE /* AppDelegate.swift */ = {isa = PBXFileReference; lastKnownFileType = sourcecode.swift; path = AppDelegate.swift; sourceTree = "<group>"; };
		FD66847B28F75CB5005E27FE /* SceneDelegate.swift */ = {isa = PBXFileReference; lastKnownFileType = sourcecode.swift; path = SceneDelegate.swift; sourceTree = "<group>"; };
		FD66847D28F75CB5005E27FE /* ViewController.swift */ = {isa = PBXFileReference; lastKnownFileType = sourcecode.swift; path = ViewController.swift; sourceTree = "<group>"; };
		FD66848028F75CB5005E27FE /* Base */ = {isa = PBXFileReference; lastKnownFileType = file.storyboard; name = Base; path = Base.lproj/Main.storyboard; sourceTree = "<group>"; };
		FD66848228F75CB8005E27FE /* Assets.xcassets */ = {isa = PBXFileReference; lastKnownFileType = folder.assetcatalog; path = Assets.xcassets; sourceTree = "<group>"; };
		FD66848528F75CB8005E27FE /* Base */ = {isa = PBXFileReference; lastKnownFileType = file.storyboard; name = Base; path = Base.lproj/LaunchScreen.storyboard; sourceTree = "<group>"; };
		FD66848728F75CB8005E27FE /* Info.plist */ = {isa = PBXFileReference; lastKnownFileType = text.plist.xml; path = Info.plist; sourceTree = "<group>"; };
		FDAE06702915211900F04F18 /* TableViewCell.swift */ = {isa = PBXFileReference; lastKnownFileType = sourcecode.swift; path = TableViewCell.swift; sourceTree = "<group>"; };
		FDC6E92328F9913F008D8756 /* ContentViewController.swift */ = {isa = PBXFileReference; lastKnownFileType = sourcecode.swift; path = ContentViewController.swift; sourceTree = "<group>"; };
		FDC6E92528F99156008D8756 /* PreViewController.swift */ = {isa = PBXFileReference; lastKnownFileType = sourcecode.swift; path = PreViewController.swift; sourceTree = "<group>"; };
		FDC6E92828F99276008D8756 /* mModel.swift */ = {isa = PBXFileReference; lastKnownFileType = sourcecode.swift; path = mModel.swift; sourceTree = "<group>"; };
		FDC6E92A28F99295008D8756 /* mSupport.swift */ = {isa = PBXFileReference; lastKnownFileType = sourcecode.swift; path = mSupport.swift; sourceTree = "<group>"; };
		FDC6E92C28F992BD008D8756 /* SegmentProgressBar.swift */ = {isa = PBXFileReference; lastKnownFileType = sourcecode.swift; path = SegmentProgressBar.swift; sourceTree = "<group>"; };
		FDC6E92E28F992E0008D8756 /* usersCollectionViewCell.swift */ = {isa = PBXFileReference; lastKnownFileType = sourcecode.swift; path = usersCollectionViewCell.swift; sourceTree = "<group>"; };
/* End PBXFileReference section */

/* Begin PBXFrameworksBuildPhase section */
		FD66847328F75CB5005E27FE /* Frameworks */ = {
			isa = PBXFrameworksBuildPhase;
			buildActionMask = 2147483647;
			files = (
			);
			runOnlyForDeploymentPostprocessing = 0;
		};
/* End PBXFrameworksBuildPhase section */

/* Begin PBXGroup section */
		FD4C793C28FDD48200CC05E1 /* Resource */ = {
			isa = PBXGroup;
			children = (
				FD4C794128FDDB3200CC05E1 /* user-details.json */,
			);
			path = Resource;
			sourceTree = "<group>";
		};
		FD66846D28F75CB5005E27FE = {
			isa = PBXGroup;
			children = (
				FD66847828F75CB5005E27FE /* project-1 */,
				FD4C793C28FDD48200CC05E1 /* Resource */,
				FD66847728F75CB5005E27FE /* Products */,
			);
			sourceTree = "<group>";
		};
		FD66847728F75CB5005E27FE /* Products */ = {
			isa = PBXGroup;
			children = (
				FD66847628F75CB5005E27FE /* project-1.app */,
			);
			name = Products;
			sourceTree = "<group>";
		};
		FD66847828F75CB5005E27FE /* project-1 */ = {
			isa = PBXGroup;
			children = (
				FDC6E92728F99186008D8756 /* view */,
				FD66847928F75CB5005E27FE /* AppDelegate.swift */,
				FD66847B28F75CB5005E27FE /* SceneDelegate.swift */,
				FDC6E91C28F9902B008D8756 /* Model */,
				FDC6E91E28F9904B008D8756 /* extension */,
				FDC6E91D28F99033008D8756 /* helper */,
				FD66848228F75CB8005E27FE /* Assets.xcassets */,
				FD66848428F75CB8005E27FE /* LaunchScreen.storyboard */,
				FD66847F28F75CB5005E27FE /* Main.storyboard */,
				FD66848728F75CB8005E27FE /* Info.plist */,
			);
			path = "project-1";
			sourceTree = "<group>";
		};
		FDC6E91C28F9902B008D8756 /* Model */ = {
			isa = PBXGroup;
			children = (
				FDC6E92828F99276008D8756 /* mModel.swift */,
			);
			path = Model;
			sourceTree = "<group>";
		};
		FDC6E91D28F99033008D8756 /* helper */ = {
			isa = PBXGroup;
			children = (
				FDC6E92C28F992BD008D8756 /* SegmentProgressBar.swift */,
				FDC6E92E28F992E0008D8756 /* usersCollectionViewCell.swift */,
				FD39779D2909CA91004D6A9A /* postCollectionViewCell.swift */,
				FDAE06702915211900F04F18 /* TableViewCell.swift */,
			);
			path = helper;
			sourceTree = "<group>";
		};
		FDC6E91E28F9904B008D8756 /* extension */ = {
			isa = PBXGroup;
			children = (
				FDC6E92A28F99295008D8756 /* mSupport.swift */,
			);
			path = extension;
			sourceTree = "<group>";
		};
		FDC6E92728F99186008D8756 /* view */ = {
			isa = PBXGroup;
			children = (
				FDC6E92328F9913F008D8756 /* ContentViewController.swift */,
				FDC6E92528F99156008D8756 /* PreViewController.swift */,
				FD66847D28F75CB5005E27FE /* ViewController.swift */,
			);
			path = view;
			sourceTree = "<group>";
		};
/* End PBXGroup section */

/* Begin PBXNativeTarget section */
		FD66847528F75CB5005E27FE /* project-1 */ = {
			isa = PBXNativeTarget;
			buildConfigurationList = FD66848A28F75CB8005E27FE /* Build configuration list for PBXNativeTarget "project-1" */;
			buildPhases = (
				FD66847228F75CB5005E27FE /* Sources */,
				FD66847328F75CB5005E27FE /* Frameworks */,
				FD66847428F75CB5005E27FE /* Resources */,
			);
			buildRules = (
			);
			dependencies = (
			);
			name = "project-1";
			productName = "project-1";
			productReference = FD66847628F75CB5005E27FE /* project-1.app */;
			productType = "com.apple.product-type.application";
		};
/* End PBXNativeTarget section */

/* Begin PBXProject section */
		FD66846E28F75CB5005E27FE /* Project object */ = {
			isa = PBXProject;
			attributes = {
				BuildIndependentTargetsInParallel = 1;
				LastSwiftUpdateCheck = 1340;
				LastUpgradeCheck = 1340;
				TargetAttributes = {
					FD66847528F75CB5005E27FE = {
						CreatedOnToolsVersion = 13.4.1;
					};
				};
			};
			buildConfigurationList = FD66847128F75CB5005E27FE /* Build configuration list for PBXProject "project-1" */;
			compatibilityVersion = "Xcode 13.0";
			developmentRegion = en;
			hasScannedForEncodings = 0;
			knownRegions = (
				en,
				Base,
			);
			mainGroup = FD66846D28F75CB5005E27FE;
			productRefGroup = FD66847728F75CB5005E27FE /* Products */;
			projectDirPath = "";
			projectRoot = "";
			targets = (
				FD66847528F75CB5005E27FE /* project-1 */,
			);
		};
/* End PBXProject section */

/* Begin PBXResourcesBuildPhase section */
		FD66847428F75CB5005E27FE /* Resources */ = {
			isa = PBXResourcesBuildPhase;
			buildActionMask = 2147483647;
			files = (
				FD4C794228FDDB3200CC05E1 /* user-details.json in Resources */,
				FD66848628F75CB8005E27FE /* LaunchScreen.storyboard in Resources */,
				FD66848328F75CB8005E27FE /* Assets.xcassets in Resources */,
				FD66848128F75CB5005E27FE /* Main.storyboard in Resources */,
			);
			runOnlyForDeploymentPostprocessing = 0;
		};
/* End PBXResourcesBuildPhase section */

/* Begin PBXSourcesBuildPhase section */
		FD66847228F75CB5005E27FE /* Sources */ = {
			isa = PBXSourcesBuildPhase;
			buildActionMask = 2147483647;
			files = (
				FDAE06712915211900F04F18 /* TableViewCell.swift in Sources */,
				FDC6E92D28F992BD008D8756 /* SegmentProgressBar.swift in Sources */,
				FDC6E92F28F992E0008D8756 /* usersCollectionViewCell.swift in Sources */,
				FDC6E92B28F99295008D8756 /* mSupport.swift in Sources */,
				FDC6E92428F9913F008D8756 /* ContentViewController.swift in Sources */,
				FD66847E28F75CB5005E27FE /* ViewController.swift in Sources */,
				FD66847A28F75CB5005E27FE /* AppDelegate.swift in Sources */,
				FDC6E92628F99156008D8756 /* PreViewController.swift in Sources */,
				FD66847C28F75CB5005E27FE /* SceneDelegate.swift in Sources */,
				FD39779E2909CA91004D6A9A /* postCollectionViewCell.swift in Sources */,
				FDC6E92928F99276008D8756 /* mModel.swift in Sources */,
			);
			runOnlyForDeploymentPostprocessing = 0;
		};
/* End PBXSourcesBuildPhase section */

/* Begin PBXVariantGroup section */
		FD66847F28F75CB5005E27FE /* Main.storyboard */ = {
			isa = PBXVariantGroup;
			children = (
				FD66848028F75CB5005E27FE /* Base */,
			);
			name = Main.storyboard;
			sourceTree = "<group>";
		};
		FD66848428F75CB8005E27FE /* LaunchScreen.storyboard */ = {
			isa = PBXVariantGroup;
			children = (
				FD66848528F75CB8005E27FE /* Base */,
			);
			name = LaunchScreen.storyboard;
			sourceTree = "<group>";
		};
/* End PBXVariantGroup section */

/* Begin XCBuildConfiguration section */
		FD66848828F75CB8005E27FE /* Debug */ = {
			isa = XCBuildConfiguration;
			buildSettings = {
				ALWAYS_SEARCH_USER_PATHS = NO;
				CLANG_ANALYZER_NONNULL = YES;
				CLANG_ANALYZER_NUMBER_OBJECT_CONVERSION = YES_AGGRESSIVE;
				CLANG_CXX_LANGUAGE_STANDARD = "gnu++17";
				CLANG_ENABLE_MODULES = YES;
				CLANG_ENABLE_OBJC_ARC = YES;
				CLANG_ENABLE_OBJC_WEAK = YES;
				CLANG_WARN_BLOCK_CAPTURE_AUTORELEASING = YES;
				CLANG_WARN_BOOL_CONVERSION = YES;
				CLANG_WARN_COMMA = YES;
				CLANG_WARN_CONSTANT_CONVERSION = YES;
				CLANG_WARN_DEPRECATED_OBJC_IMPLEMENTATIONS = YES;
				CLANG_WARN_DIRECT_OBJC_ISA_USAGE = YES_ERROR;
				CLANG_WARN_DOCUMENTATION_COMMENTS = YES;
				CLANG_WARN_EMPTY_BODY = YES;
				CLANG_WARN_ENUM_CONVERSION = YES;
				CLANG_WARN_INFINITE_RECURSION = YES;
				CLANG_WARN_INT_CONVERSION = YES;
				CLANG_WARN_NON_LITERAL_NULL_CONVERSION = YES;
				CLANG_WARN_OBJC_IMPLICIT_RETAIN_SELF = YES;
				CLANG_WARN_OBJC_LITERAL_CONVERSION = YES;
				CLANG_WARN_OBJC_ROOT_CLASS = YES_ERROR;
				CLANG_WARN_QUOTED_INCLUDE_IN_FRAMEWORK_HEADER = YES;
				CLANG_WARN_RANGE_LOOP_ANALYSIS = YES;
				CLANG_WARN_STRICT_PROTOTYPES = YES;
				CLANG_WARN_SUSPICIOUS_MOVE = YES;
				CLANG_WARN_UNGUARDED_AVAILABILITY = YES_AGGRESSIVE;
				CLANG_WARN_UNREACHABLE_CODE = YES;
				CLANG_WARN__DUPLICATE_METHOD_MATCH = YES;
				COPY_PHASE_STRIP = NO;
				DEBUG_INFORMATION_FORMAT = dwarf;
				ENABLE_STRICT_OBJC_MSGSEND = YES;
				ENABLE_TESTABILITY = YES;
				GCC_C_LANGUAGE_STANDARD = gnu11;
				GCC_DYNAMIC_NO_PIC = NO;
				GCC_NO_COMMON_BLOCKS = YES;
				GCC_OPTIMIZATION_LEVEL = 0;
				GCC_PREPROCESSOR_DEFINITIONS = (
					"DEBUG=1",
					"$(inherited)",
				);
				GCC_WARN_64_TO_32_BIT_CONVERSION = YES;
				GCC_WARN_ABOUT_RETURN_TYPE = YES_ERROR;
				GCC_WARN_UNDECLARED_SELECTOR = YES;
				GCC_WARN_UNINITIALIZED_AUTOS = YES_AGGRESSIVE;
				GCC_WARN_UNUSED_FUNCTION = YES;
				GCC_WARN_UNUSED_VARIABLE = YES;
				IPHONEOS_DEPLOYMENT_TARGET = 15.5;
				MTL_ENABLE_DEBUG_INFO = INCLUDE_SOURCE;
				MTL_FAST_MATH = YES;
				ONLY_ACTIVE_ARCH = YES;
				SDKROOT = iphoneos;
				SWIFT_ACTIVE_COMPILATION_CONDITIONS = DEBUG;
				SWIFT_OPTIMIZATION_LEVEL = "-Onone";
			};
			name = Debug;
		};
		FD66848928F75CB8005E27FE /* Release */ = {
			isa = XCBuildConfiguration;
			buildSettings = {
				ALWAYS_SEARCH_USER_PATHS = NO;
				CLANG_ANALYZER_NONNULL = YES;
				CLANG_ANALYZER_NUMBER_OBJECT_CONVERSION = YES_AGGRESSIVE;
				CLANG_CXX_LANGUAGE_STANDARD = "gnu++17";
				CLANG_ENABLE_MODULES = YES;
				CLANG_ENABLE_OBJC_ARC = YES;
				CLANG_ENABLE_OBJC_WEAK = YES;
				CLANG_WARN_BLOCK_CAPTURE_AUTORELEASING = YES;
				CLANG_WARN_BOOL_CONVERSION = YES;
				CLANG_WARN_COMMA = YES;
				CLANG_WARN_CONSTANT_CONVERSION = YES;
				CLANG_WARN_DEPRECATED_OBJC_IMPLEMENTATIONS = YES;
				CLANG_WARN_DIRECT_OBJC_ISA_USAGE = YES_ERROR;
				CLANG_WARN_DOCUMENTATION_COMMENTS = YES;
				CLANG_WARN_EMPTY_BODY = YES;
				CLANG_WARN_ENUM_CONVERSION = YES;
				CLANG_WARN_INFINITE_RECURSION = YES;
				CLANG_WARN_INT_CONVERSION = YES;
				CLANG_WARN_NON_LITERAL_NULL_CONVERSION = YES;
				CLANG_WARN_OBJC_IMPLICIT_RETAIN_SELF = YES;
				CLANG_WARN_OBJC_LITERAL_CONVERSION = YES;
				CLANG_WARN_OBJC_ROOT_CLASS = YES_ERROR;
				CLANG_WARN_QUOTED_INCLUDE_IN_FRAMEWORK_HEADER = YES;
				CLANG_WARN_RANGE_LOOP_ANALYSIS = YES;
				CLANG_WARN_STRICT_PROTOTYPES = YES;
				CLANG_WARN_SUSPICIOUS_MOVE = YES;
				CLANG_WARN_UNGUARDED_AVAILABILITY = YES_AGGRESSIVE;
				CLANG_WARN_UNREACHABLE_CODE = YES;
				CLANG_WARN__DUPLICATE_METHOD_MATCH = YES;
				COPY_PHASE_STRIP = NO;
				DEBUG_INFORMATION_FORMAT = "dwarf-with-dsym";
				ENABLE_NS_ASSERTIONS = NO;
				ENABLE_STRICT_OBJC_MSGSEND = YES;
				GCC_C_LANGUAGE_STANDARD = gnu11;
				GCC_NO_COMMON_BLOCKS = YES;
				GCC_WARN_64_TO_32_BIT_CONVERSION = YES;
				GCC_WARN_ABOUT_RETURN_TYPE = YES_ERROR;
				GCC_WARN_UNDECLARED_SELECTOR = YES;
				GCC_WARN_UNINITIALIZED_AUTOS = YES_AGGRESSIVE;
				GCC_WARN_UNUSED_FUNCTION = YES;
				GCC_WARN_UNUSED_VARIABLE = YES;
				IPHONEOS_DEPLOYMENT_TARGET = 15.5;
				MTL_ENABLE_DEBUG_INFO = NO;
				MTL_FAST_MATH = YES;
				SDKROOT = iphoneos;
				SWIFT_COMPILATION_MODE = wholemodule;
				SWIFT_OPTIMIZATION_LEVEL = "-O";
				VALIDATE_PRODUCT = YES;
			};
			name = Release;
		};
		FD66848B28F75CB8005E27FE /* Debug */ = {
			isa = XCBuildConfiguration;
			buildSettings = {
				ASSETCATALOG_COMPILER_APPICON_NAME = AppIcon;
				ASSETCATALOG_COMPILER_GLOBAL_ACCENT_COLOR_NAME = AccentColor;
				CODE_SIGN_STYLE = Automatic;
				CURRENT_PROJECT_VERSION = 1;
				GENERATE_INFOPLIST_FILE = YES;
				INFOPLIST_FILE = "project-1/Info.plist";
				INFOPLIST_KEY_UIApplicationSupportsIndirectInputEvents = YES;
				INFOPLIST_KEY_UILaunchStoryboardName = LaunchScreen;
				INFOPLIST_KEY_UIMainStoryboardFile = Main;
				INFOPLIST_KEY_UISupportedInterfaceOrientations_iPad = "UIInterfaceOrientationPortrait UIInterfaceOrientationPortraitUpsideDown UIInterfaceOrientationLandscapeLeft UIInterfaceOrientationLandscapeRight";
				INFOPLIST_KEY_UISupportedInterfaceOrientations_iPhone = "UIInterfaceOrientationPortrait UIInterfaceOrientationLandscapeLeft UIInterfaceOrientationLandscapeRight";
				LD_RUNPATH_SEARCH_PATHS = (
					"$(inherited)",
					"@executable_path/Frameworks",
				);
				MARKETING_VERSION = 1.0;
				PRODUCT_BUNDLE_IDENTIFIER = "com.example.project-1";
				PRODUCT_NAME = "$(TARGET_NAME)";
				SWIFT_EMIT_LOC_STRINGS = YES;
				SWIFT_VERSION = 5.0;
				TARGETED_DEVICE_FAMILY = "1,2";
			};
			name = Debug;
		};
		FD66848C28F75CB8005E27FE /* Release */ = {
			isa = XCBuildConfiguration;
			buildSettings = {
				ASSETCATALOG_COMPILER_APPICON_NAME = AppIcon;
				ASSETCATALOG_COMPILER_GLOBAL_ACCENT_COLOR_NAME = AccentColor;
				CODE_SIGN_STYLE = Automatic;
				CURRENT_PROJECT_VERSION = 1;
				GENERATE_INFOPLIST_FILE = YES;
				INFOPLIST_FILE = "project-1/Info.plist";
				INFOPLIST_KEY_UIApplicationSupportsIndirectInputEvents = YES;
				INFOPLIST_KEY_UILaunchStoryboardName = LaunchScreen;
				INFOPLIST_KEY_UIMainStoryboardFile = Main;
				INFOPLIST_KEY_UISupportedInterfaceOrientations_iPad = "UIInterfaceOrientationPortrait UIInterfaceOrientationPortraitUpsideDown UIInterfaceOrientationLandscapeLeft UIInterfaceOrientationLandscapeRight";
				INFOPLIST_KEY_UISupportedInterfaceOrientations_iPhone = "UIInterfaceOrientationPortrait UIInterfaceOrientationLandscapeLeft UIInterfaceOrientationLandscapeRight";
				LD_RUNPATH_SEARCH_PATHS = (
					"$(inherited)",
					"@executable_path/Frameworks",
				);
				MARKETING_VERSION = 1.0;
				PRODUCT_BUNDLE_IDENTIFIER = "com.example.project-1";
				PRODUCT_NAME = "$(TARGET_NAME)";
				SWIFT_EMIT_LOC_STRINGS = YES;
				SWIFT_VERSION = 5.0;
				TARGETED_DEVICE_FAMILY = "1,2";
			};
			name = Release;
		};
/* End XCBuildConfiguration section */

/* Begin XCConfigurationList section */
		FD66847128F75CB5005E27FE /* Build configuration list for PBXProject "project-1" */ = {
			isa = XCConfigurationList;
			buildConfigurations = (
				FD66848828F75CB8005E27FE /* Debug */,
				FD66848928F75CB8005E27FE /* Release */,
			);
			defaultConfigurationIsVisible = 0;
			defaultConfigurationName = Release;
		};
		FD66848A28F75CB8005E27FE /* Build configuration list for PBXNativeTarget "project-1" */ = {
			isa = XCConfigurationList;
			buildConfigurations = (
				FD66848B28F75CB8005E27FE /* Debug */,
				FD66848C28F75CB8005E27FE /* Release */,
			);
			defaultConfigurationIsVisible = 0;
			defaultConfigurationName = Release;
		};
/* End XCConfigurationList section */
	};
	rootObject = FD66846E28F75CB5005E27FE /* Project object */;
}
